// !$*UTF8*$!
{
	archiveVersion = 1;
	classes = {
	};
	objectVersion = 77;
	objects = {

/* Begin PBXContainerItemProxy section */
		9B0229152CA72B850096E954 /* PBXContainerItemProxy */ = {
			isa = PBXContainerItemProxy;
			containerPortal = 9B0228FC2CA72B7F0096E954 /* Project object */;
			proxyType = 1;
			remoteGlobalIDString = 9B0229032CA72B7F0096E954;
			remoteInfo = BattleBucksDemo;
		};
		9B02291F2CA72B850096E954 /* PBXContainerItemProxy */ = {
			isa = PBXContainerItemProxy;
			containerPortal = 9B0228FC2CA72B7F0096E954 /* Project object */;
			proxyType = 1;
			remoteGlobalIDString = 9B0229032CA72B7F0096E954;
			remoteInfo = BattleBucksDemo;
		};
/* End PBXContainerItemProxy section */

/* Begin PBXFileReference section */
		9B0229042CA72B7F0096E954 /* BattleBucksDemo.app */ = {isa = PBXFileReference; explicitFileType = wrapper.application; includeInIndex = 0; path = BattleBucksDemo.app; sourceTree = BUILT_PRODUCTS_DIR; };
		9B0229142CA72B850096E954 /* BattleBucksDemoTests.xctest */ = {isa = PBXFileReference; explicitFileType = wrapper.cfbundle; includeInIndex = 0; path = BattleBucksDemoTests.xctest; sourceTree = BUILT_PRODUCTS_DIR; };
		9B02291E2CA72B850096E954 /* BattleBucksDemoUITests.xctest */ = {isa = PBXFileReference; explicitFileType = wrapper.cfbundle; includeInIndex = 0; path = BattleBucksDemoUITests.xctest; sourceTree = BUILT_PRODUCTS_DIR; };
/* End PBXFileReference section */

/* Begin PBXFileSystemSynchronizedRootGroup section */
		9B0229062CA72B7F0096E954 /* BattleBucksDemo */ = {
			isa = PBXFileSystemSynchronizedRootGroup;
			path = BattleBucksDemo;
			sourceTree = "<group>";
		};
		9B0229172CA72B850096E954 /* BattleBucksDemoTests */ = {
			isa = PBXFileSystemSynchronizedRootGroup;
			path = BattleBucksDemoTests;
			sourceTree = "<group>";
		};
		9B0229212CA72B850096E954 /* BattleBucksDemoUITests */ = {
			isa = PBXFileSystemSynchronizedRootGroup;
			path = BattleBucksDemoUITests;
			sourceTree = "<group>";
		};
/* End PBXFileSystemSynchronizedRootGroup section */

/* Begin PBXFrameworksBuildPhase section */
		9B0229012CA72B7F0096E954 /* Frameworks */ = {
			isa = PBXFrameworksBuildPhase;
			buildActionMask = 2147483647;
			files = (
			);
			runOnlyForDeploymentPostprocessing = 0;
		};
		9B0229112CA72B850096E954 /* Frameworks */ = {
			isa = PBXFrameworksBuildPhase;
			buildActionMask = 2147483647;
			files = (
			);
			runOnlyForDeploymentPostprocessing = 0;
		};
		9B02291B2CA72B850096E954 /* Frameworks */ = {
			isa = PBXFrameworksBuildPhase;
			buildActionMask = 2147483647;
			files = (
			);
			runOnlyForDeploymentPostprocessing = 0;
		};
/* End PBXFrameworksBuildPhase section */

/* Begin PBXGroup section */
		9B0228FB2CA72B7F0096E954 = {
			isa = PBXGroup;
			children = (
				9B0229062CA72B7F0096E954 /* BattleBucksDemo */,
				9B0229172CA72B850096E954 /* BattleBucksDemoTests */,
				9B0229212CA72B850096E954 /* BattleBucksDemoUITests */,
				9B0229052CA72B7F0096E954 /* Products */,
			);
			sourceTree = "<group>";
		};
		9B0229052CA72B7F0096E954 /* Products */ = {
			isa = PBXGroup;
			children = (
				9B0229042CA72B7F0096E954 /* BattleBucksDemo.app */,
				9B0229142CA72B850096E954 /* BattleBucksDemoTests.xctest */,
				9B02291E2CA72B850096E954 /* BattleBucksDemoUITests.xctest */,
			);
			name = Products;
			sourceTree = "<group>";
		};
/* End PBXGroup section */

/* Begin PBXNativeTarget section */
		9B0229032CA72B7F0096E954 /* BattleBucksDemo */ = {
			isa = PBXNativeTarget;
			buildConfigurationList = 9B0229282CA72B850096E954 /* Build configuration list for PBXNativeTarget "BattleBucksDemo" */;
			buildPhases = (
				9B0229002CA72B7F0096E954 /* Sources */,
				9B0229012CA72B7F0096E954 /* Frameworks */,
				9B0229022CA72B7F0096E954 /* Resources */,
			);
			buildRules = (
			);
			dependencies = (
			);
			fileSystemSynchronizedGroups = (
				9B0229062CA72B7F0096E954 /* BattleBucksDemo */,
			);
			name = BattleBucksDemo;
			packageProductDependencies = (
			);
			productName = BattleBucksDemo;
			productReference = 9B0229042CA72B7F0096E954 /* BattleBucksDemo.app */;
			productType = "com.apple.product-type.application";
		};
		9B0229132CA72B850096E954 /* BattleBucksDemoTests */ = {
			isa = PBXNativeTarget;
			buildConfigurationList = 9B02292B2CA72B850096E954 /* Build configuration list for PBXNativeTarget "BattleBucksDemoTests" */;
			buildPhases = (
				9B0229102CA72B850096E954 /* Sources */,
				9B0229112CA72B850096E954 /* Frameworks */,
				9B0229122CA72B850096E954 /* Resources */,
			);
			buildRules = (
			);
			dependencies = (
				9B0229162CA72B850096E954 /* PBXTargetDependency */,
			);
			fileSystemSynchronizedGroups = (
				9B0229172CA72B850096E954 /* BattleBucksDemoTests */,
			);
			name = BattleBucksDemoTests;
			packageProductDependencies = (
			);
			productName = BattleBucksDemoTests;
			productReference = 9B0229142CA72B850096E954 /* BattleBucksDemoTests.xctest */;
			productType = "com.apple.product-type.bundle.unit-test";
		};
		9B02291D2CA72B850096E954 /* BattleBucksDemoUITests */ = {
			isa = PBXNativeTarget;
			buildConfigurationList = 9B02292E2CA72B850096E954 /* Build configuration list for PBXNativeTarget "BattleBucksDemoUITests" */;
			buildPhases = (
				9B02291A2CA72B850096E954 /* Sources */,
				9B02291B2CA72B850096E954 /* Frameworks */,
				9B02291C2CA72B850096E954 /* Resources */,
			);
			buildRules = (
			);
			dependencies = (
				9B0229202CA72B850096E954 /* PBXTargetDependency */,
			);
			fileSystemSynchronizedGroups = (
				9B0229212CA72B850096E954 /* BattleBucksDemoUITests */,
			);
			name = BattleBucksDemoUITests;
			packageProductDependencies = (
			);
			productName = BattleBucksDemoUITests;
			productReference = 9B02291E2CA72B850096E954 /* BattleBucksDemoUITests.xctest */;
			productType = "com.apple.product-type.bundle.ui-testing";
		};
/* End PBXNativeTarget section */

/* Begin PBXProject section */
		9B0228FC2CA72B7F0096E954 /* Project object */ = {
			isa = PBXProject;
			attributes = {
				BuildIndependentTargetsInParallel = 1;
				LastSwiftUpdateCheck = 1600;
				LastUpgradeCheck = 1600;
				TargetAttributes = {
					9B0229032CA72B7F0096E954 = {
						CreatedOnToolsVersion = 16.0;
					};
					9B0229132CA72B850096E954 = {
						CreatedOnToolsVersion = 16.0;
						TestTargetID = 9B0229032CA72B7F0096E954;
					};
					9B02291D2CA72B850096E954 = {
						CreatedOnToolsVersion = 16.0;
						TestTargetID = 9B0229032CA72B7F0096E954;
					};
				};
			};
			buildConfigurationList = 9B0228FF2CA72B7F0096E954 /* Build configuration list for PBXProject "BattleBucksDemo" */;
			developmentRegion = en;
			hasScannedForEncodings = 0;
			knownRegions = (
				en,
				Base,
			);
			mainGroup = 9B0228FB2CA72B7F0096E954;
			minimizedProjectReferenceProxies = 1;
			preferredProjectObjectVersion = 77;
			productRefGroup = 9B0229052CA72B7F0096E954 /* Products */;
			projectDirPath = "";
			projectRoot = "";
			targets = (
				9B0229032CA72B7F0096E954 /* BattleBucksDemo */,
				9B0229132CA72B850096E954 /* BattleBucksDemoTests */,
				9B02291D2CA72B850096E954 /* BattleBucksDemoUITests */,
			);
		};
/* End PBXProject section */

/* Begin PBXResourcesBuildPhase section */
		9B0229022CA72B7F0096E954 /* Resources */ = {
			isa = PBXResourcesBuildPhase;
			buildActionMask = 2147483647;
			files = (
			);
			runOnlyForDeploymentPostprocessing = 0;
		};
		9B0229122CA72B850096E954 /* Resources */ = {
			isa = PBXResourcesBuildPhase;
			buildActionMask = 2147483647;
			files = (
			);
			runOnlyForDeploymentPostprocessing = 0;
		};
		9B02291C2CA72B850096E954 /* Resources */ = {
			isa = PBXResourcesBuildPhase;
			buildActionMask = 2147483647;
			files = (
			);
			runOnlyForDeploymentPostprocessing = 0;
		};
/* End PBXResourcesBuildPhase section */

/* Begin PBXSourcesBuildPhase section */
		9B0229002CA72B7F0096E954 /* Sources */ = {
			isa = PBXSourcesBuildPhase;
			buildActionMask = 2147483647;
			files = (
			);
			runOnlyForDeploymentPostprocessing = 0;
		};
		9B0229102CA72B850096E954 /* Sources */ = {
			isa = PBXSourcesBuildPhase;
			buildActionMask = 2147483647;
			files = (
			);
			runOnlyForDeploymentPostprocessing = 0;
		};
		9B02291A2CA72B850096E954 /* Sources */ = {
			isa = PBXSourcesBuildPhase;
			buildActionMask = 2147483647;
			files = (
			);
			runOnlyForDeploymentPostprocessing = 0;
		};
/* End PBXSourcesBuildPhase section */

/* Begin PBXTargetDependency section */
		9B0229162CA72B850096E954 /* PBXTargetDependency */ = {
			isa = PBXTargetDependency;
			target = 9B0229032CA72B7F0096E954 /* BattleBucksDemo */;
			targetProxy = 9B0229152CA72B850096E954 /* PBXContainerItemProxy */;
		};
		9B0229202CA72B850096E954 /* PBXTargetDependency */ = {
			isa = PBXTargetDependency;
			target = 9B0229032CA72B7F0096E954 /* BattleBucksDemo */;
			targetProxy = 9B02291F2CA72B850096E954 /* PBXContainerItemProxy */;
		};
/* End PBXTargetDependency section */

/* Begin XCBuildConfiguration section */
		9B0229262CA72B850096E954 /* Debug */ = {
			isa = XCBuildConfiguration;
			buildSettings = {
				ALWAYS_SEARCH_USER_PATHS = NO;
				ASSETCATALOG_COMPILER_GENERATE_SWIFT_ASSET_SYMBOL_EXTENSIONS = YES;
				CLANG_ANALYZER_NONNULL = YES;
				CLANG_ANALYZER_NUMBER_OBJECT_CONVERSION = YES_AGGRESSIVE;
				CLANG_CXX_LANGUAGE_STANDARD = "gnu++20";
				CLANG_ENABLE_MODULES = YES;
				CLANG_ENABLE_OBJC_ARC = YES;
				CLANG_ENABLE_OBJC_WEAK = YES;
				CLANG_WARN_BLOCK_CAPTURE_AUTORELEASING = YES;
				CLANG_WARN_BOOL_CONVERSION = YES;
				CLANG_WARN_COMMA = YES;
				CLANG_WARN_CONSTANT_CONVERSION = YES;
				CLANG_WARN_DEPRECATED_OBJC_IMPLEMENTATIONS = YES;
				CLANG_WARN_DIRECT_OBJC_ISA_USAGE = YES_ERROR;
				CLANG_WARN_DOCUMENTATION_COMMENTS = YES;
				CLANG_WARN_EMPTY_BODY = YES;
				CLANG_WARN_ENUM_CONVERSION = YES;
				CLANG_WARN_INFINITE_RECURSION = YES;
				CLANG_WARN_INT_CONVERSION = YES;
				CLANG_WARN_NON_LITERAL_NULL_CONVERSION = YES;
				CLANG_WARN_OBJC_IMPLICIT_RETAIN_SELF = YES;
				CLANG_WARN_OBJC_LITERAL_CONVERSION = YES;
				CLANG_WARN_OBJC_ROOT_CLASS = YES_ERROR;
				CLANG_WARN_QUOTED_INCLUDE_IN_FRAMEWORK_HEADER = YES;
				CLANG_WARN_RANGE_LOOP_ANALYSIS = YES;
				CLANG_WARN_STRICT_PROTOTYPES = YES;
				CLANG_WARN_SUSPICIOUS_MOVE = YES;
				CLANG_WARN_UNGUARDED_AVAILABILITY = YES_AGGRESSIVE;
				CLANG_WARN_UNREACHABLE_CODE = YES;
				CLANG_WARN__DUPLICATE_METHOD_MATCH = YES;
				COPY_PHASE_STRIP = NO;
				DEBUG_INFORMATION_FORMAT = dwarf;
				ENABLE_STRICT_OBJC_MSGSEND = YES;
				ENABLE_TESTABILITY = YES;
				ENABLE_USER_SCRIPT_SANDBOXING = YES;
				GCC_C_LANGUAGE_STANDARD = gnu17;
				GCC_DYNAMIC_NO_PIC = NO;
				GCC_NO_COMMON_BLOCKS = YES;
				GCC_OPTIMIZATION_LEVEL = 0;
				GCC_PREPROCESSOR_DEFINITIONS = (
					"DEBUG=1",
					"$(inherited)",
				);
				GCC_WARN_64_TO_32_BIT_CONVERSION = YES;
				GCC_WARN_ABOUT_RETURN_TYPE = YES_ERROR;
				GCC_WARN_UNDECLARED_SELECTOR = YES;
				GCC_WARN_UNINITIALIZED_AUTOS = YES_AGGRESSIVE;
				GCC_WARN_UNUSED_FUNCTION = YES;
				GCC_WARN_UNUSED_VARIABLE = YES;
				IPHONEOS_DEPLOYMENT_TARGET = 18.0;
				LOCALIZATION_PREFERS_STRING_CATALOGS = YES;
				MTL_ENABLE_DEBUG_INFO = INCLUDE_SOURCE;
				MTL_FAST_MATH = YES;
				ONLY_ACTIVE_ARCH = YES;
				SDKROOT = iphoneos;
				SWIFT_ACTIVE_COMPILATION_CONDITIONS = "DEBUG $(inherited)";
				SWIFT_OPTIMIZATION_LEVEL = "-Onone";
			};
			name = Debug;
		};
		9B0229272CA72B850096E954 /* Release */ = {
			isa = XCBuildConfiguration;
			buildSettings = {
				ALWAYS_SEARCH_USER_PATHS = NO;
				ASSETCATALOG_COMPILER_GENERATE_SWIFT_ASSET_SYMBOL_EXTENSIONS = YES;
				CLANG_ANALYZER_NONNULL = YES;
				CLANG_ANALYZER_NUMBER_OBJECT_CONVERSION = YES_AGGRESSIVE;
				CLANG_CXX_LANGUAGE_STANDARD = "gnu++20";
				CLANG_ENABLE_MODULES = YES;
				CLANG_ENABLE_OBJC_ARC = YES;
				CLANG_ENABLE_OBJC_WEAK = YES;
				CLANG_WARN_BLOCK_CAPTURE_AUTORELEASING = YES;
				CLANG_WARN_BOOL_CONVERSION = YES;
				CLANG_WARN_COMMA = YES;
				CLANG_WARN_CONSTANT_CONVERSION = YES;
				CLANG_WARN_DEPRECATED_OBJC_IMPLEMENTATIONS = YES;
				CLANG_WARN_DIRECT_OBJC_ISA_USAGE = YES_ERROR;
				CLANG_WARN_DOCUMENTATION_COMMENTS = YES;
				CLANG_WARN_EMPTY_BODY = YES;
				CLANG_WARN_ENUM_CONVERSION = YES;
				CLANG_WARN_INFINITE_RECURSION = YES;
				CLANG_WARN_INT_CONVERSION = YES;
				CLANG_WARN_NON_LITERAL_NULL_CONVERSION = YES;
				CLANG_WARN_OBJC_IMPLICIT_RETAIN_SELF = YES;
				CLANG_WARN_OBJC_LITERAL_CONVERSION = YES;
				CLANG_WARN_OBJC_ROOT_CLASS = YES_ERROR;
				CLANG_WARN_QUOTED_INCLUDE_IN_FRAMEWORK_HEADER = YES;
				CLANG_WARN_RANGE_LOOP_ANALYSIS = YES;
				CLANG_WARN_STRICT_PROTOTYPES = YES;
				CLANG_WARN_SUSPICIOUS_MOVE = YES;
				CLANG_WARN_UNGUARDED_AVAILABILITY = YES_AGGRESSIVE;
				CLANG_WARN_UNREACHABLE_CODE = YES;
				CLANG_WARN__DUPLICATE_METHOD_MATCH = YES;
				COPY_PHASE_STRIP = NO;
				DEBUG_INFORMATION_FORMAT = "dwarf-with-dsym";
				ENABLE_NS_ASSERTIONS = NO;
				ENABLE_STRICT_OBJC_MSGSEND = YES;
				ENABLE_USER_SCRIPT_SANDBOXING = YES;
				GCC_C_LANGUAGE_STANDARD = gnu17;
				GCC_NO_COMMON_BLOCKS = YES;
				GCC_WARN_64_TO_32_BIT_CONVERSION = YES;
				GCC_WARN_ABOUT_RETURN_TYPE = YES_ERROR;
				GCC_WARN_UNDECLARED_SELECTOR = YES;
				GCC_WARN_UNINITIALIZED_AUTOS = YES_AGGRESSIVE;
				GCC_WARN_UNUSED_FUNCTION = YES;
				GCC_WARN_UNUSED_VARIABLE = YES;
				IPHONEOS_DEPLOYMENT_TARGET = 18.0;
				LOCALIZATION_PREFERS_STRING_CATALOGS = YES;
				MTL_ENABLE_DEBUG_INFO = NO;
				MTL_FAST_MATH = YES;
				SDKROOT = iphoneos;
				SWIFT_COMPILATION_MODE = wholemodule;
				VALIDATE_PRODUCT = YES;
			};
			name = Release;
		};
		9B0229292CA72B850096E954 /* Debug */ = {
			isa = XCBuildConfiguration;
			buildSettings = {
				ASSETCATALOG_COMPILER_APPICON_NAME = AppIcon;
				ASSETCATALOG_COMPILER_GLOBAL_ACCENT_COLOR_NAME = AccentColor;
				CODE_SIGN_STYLE = Automatic;
				CURRENT_PROJECT_VERSION = 1;
				DEVELOPMENT_ASSET_PATHS = "\"BattleBucksDemo/Preview Content\"";
				DEVELOPMENT_TEAM = 5662HTP34Y;
				ENABLE_PREVIEWS = YES;
				GENERATE_INFOPLIST_FILE = YES;
				INFOPLIST_KEY_UIApplicationSceneManifest_Generation = YES;
				INFOPLIST_KEY_UIApplicationSupportsIndirectInputEvents = YES;
				INFOPLIST_KEY_UILaunchScreen_Generation = YES;
				INFOPLIST_KEY_UISupportedInterfaceOrientations_iPad = "UIInterfaceOrientationPortrait UIInterfaceOrientationPortraitUpsideDown UIInterfaceOrientationLandscapeLeft UIInterfaceOrientationLandscapeRight";
				INFOPLIST_KEY_UISupportedInterfaceOrientations_iPhone = "UIInterfaceOrientationPortrait UIInterfaceOrientationLandscapeLeft UIInterfaceOrientationLandscapeRight";
				IPHONEOS_DEPLOYMENT_TARGET = 17.6;
				LD_RUNPATH_SEARCH_PATHS = (
					"$(inherited)",
					"@executable_path/Frameworks",
				);
				MARKETING_VERSION = 1.0;
				PRODUCT_BUNDLE_IDENTIFIER = Rahul.BattleBucksDemo;
				PRODUCT_NAME = "$(TARGET_NAME)";
				SWIFT_EMIT_LOC_STRINGS = YES;
				SWIFT_VERSION = 5.0;
				TARGETED_DEVICE_FAMILY = "1,2";
			};
			name = Debug;
		};
		9B02292A2CA72B850096E954 /* Release */ = {
			isa = XCBuildConfiguration;
			buildSettings = {
				ASSETCATALOG_COMPILER_APPICON_NAME = AppIcon;
				ASSETCATALOG_COMPILER_GLOBAL_ACCENT_COLOR_NAME = AccentColor;
				CODE_SIGN_STYLE = Automatic;
				CURRENT_PROJECT_VERSION = 1;
				DEVELOPMENT_ASSET_PATHS = "\"BattleBucksDemo/Preview Content\"";
				DEVELOPMENT_TEAM = 5662HTP34Y;
				ENABLE_PREVIEWS = YES;
				GENERATE_INFOPLIST_FILE = YES;
				INFOPLIST_KEY_UIApplicationSceneManifest_Generation = YES;
				INFOPLIST_KEY_UIApplicationSupportsIndirectInputEvents = YES;
				INFOPLIST_KEY_UILaunchScreen_Generation = YES;
				INFOPLIST_KEY_UISupportedInterfaceOrientations_iPad = "UIInterfaceOrientationPortrait UIInterfaceOrientationPortraitUpsideDown UIInterfaceOrientationLandscapeLeft UIInterfaceOrientationLandscapeRight";
				INFOPLIST_KEY_UISupportedInterfaceOrientations_iPhone = "UIInterfaceOrientationPortrait UIInterfaceOrientationLandscapeLeft UIInterfaceOrientationLandscapeRight";
				IPHONEOS_DEPLOYMENT_TARGET = 17.6;
				LD_RUNPATH_SEARCH_PATHS = (
					"$(inherited)",
					"@executable_path/Frameworks",
				);
				MARKETING_VERSION = 1.0;
				PRODUCT_BUNDLE_IDENTIFIER = Rahul.BattleBucksDemo;
				PRODUCT_NAME = "$(TARGET_NAME)";
				SWIFT_EMIT_LOC_STRINGS = YES;
				SWIFT_VERSION = 5.0;
				TARGETED_DEVICE_FAMILY = "1,2";
			};
			name = Release;
		};
		9B02292C2CA72B850096E954 /* Debug */ = {
			isa = XCBuildConfiguration;
			buildSettings = {
				BUNDLE_LOADER = "$(TEST_HOST)";
				CODE_SIGN_STYLE = Automatic;
				CURRENT_PROJECT_VERSION = 1;
				GENERATE_INFOPLIST_FILE = YES;
				IPHONEOS_DEPLOYMENT_TARGET = 18.0;
				MARKETING_VERSION = 1.0;
				PRODUCT_BUNDLE_IDENTIFIER = Rahul.BattleBucksDemoTests;
				PRODUCT_NAME = "$(TARGET_NAME)";
				SWIFT_EMIT_LOC_STRINGS = NO;
				SWIFT_VERSION = 5.0;
				TARGETED_DEVICE_FAMILY = "1,2";
				TEST_HOST = "$(BUILT_PRODUCTS_DIR)/BattleBucksDemo.app/$(BUNDLE_EXECUTABLE_FOLDER_PATH)/BattleBucksDemo";
			};
			name = Debug;
		};
		9B02292D2CA72B850096E954 /* Release */ = {
			isa = XCBuildConfiguration;
			buildSettings = {
				BUNDLE_LOADER = "$(TEST_HOST)";
				CODE_SIGN_STYLE = Automatic;
				CURRENT_PROJECT_VERSION = 1;
				GENERATE_INFOPLIST_FILE = YES;
				IPHONEOS_DEPLOYMENT_TARGET = 18.0;
				MARKETING_VERSION = 1.0;
				PRODUCT_BUNDLE_IDENTIFIER = Rahul.BattleBucksDemoTests;
				PRODUCT_NAME = "$(TARGET_NAME)";
				SWIFT_EMIT_LOC_STRINGS = NO;
				SWIFT_VERSION = 5.0;
				TARGETED_DEVICE_FAMILY = "1,2";
				TEST_HOST = "$(BUILT_PRODUCTS_DIR)/BattleBucksDemo.app/$(BUNDLE_EXECUTABLE_FOLDER_PATH)/BattleBucksDemo";
			};
			name = Release;
		};
		9B02292F2CA72B850096E954 /* Debug */ = {
			isa = XCBuildConfiguration;
			buildSettings = {
				CODE_SIGN_STYLE = Automatic;
				CURRENT_PROJECT_VERSION = 1;
				GENERATE_INFOPLIST_FILE = YES;
				MARKETING_VERSION = 1.0;
				PRODUCT_BUNDLE_IDENTIFIER = Rahul.BattleBucksDemoUITests;
				PRODUCT_NAME = "$(TARGET_NAME)";
				SWIFT_EMIT_LOC_STRINGS = NO;
				SWIFT_VERSION = 5.0;
				TARGETED_DEVICE_FAMILY = "1,2";
				TEST_TARGET_NAME = BattleBucksDemo;
			};
			name = Debug;
		};
		9B0229302CA72B850096E954 /* Release */ = {
			isa = XCBuildConfiguration;
			buildSettings = {
				CODE_SIGN_STYLE = Automatic;
				CURRENT_PROJECT_VERSION = 1;
				GENERATE_INFOPLIST_FILE = YES;
				MARKETING_VERSION = 1.0;
				PRODUCT_BUNDLE_IDENTIFIER = Rahul.BattleBucksDemoUITests;
				PRODUCT_NAME = "$(TARGET_NAME)";
				SWIFT_EMIT_LOC_STRINGS = NO;
				SWIFT_VERSION = 5.0;
				TARGETED_DEVICE_FAMILY = "1,2";
				TEST_TARGET_NAME = BattleBucksDemo;
			};
			name = Release;
		};
/* End XCBuildConfiguration section */

/* Begin XCConfigurationList section */
		9B0228FF2CA72B7F0096E954 /* Build configuration list for PBXProject "BattleBucksDemo" */ = {
			isa = XCConfigurationList;
			buildConfigurations = (
				9B0229262CA72B850096E954 /* Debug */,
				9B0229272CA72B850096E954 /* Release */,
			);
			defaultConfigurationIsVisible = 0;
			defaultConfigurationName = Release;
		};
		9B0229282CA72B850096E954 /* Build configuration list for PBXNativeTarget "BattleBucksDemo" */ = {
			isa = XCConfigurationList;
			buildConfigurations = (
				9B0229292CA72B850096E954 /* Debug */,
				9B02292A2CA72B850096E954 /* Release */,
			);
			defaultConfigurationIsVisible = 0;
			defaultConfigurationName = Release;
		};
		9B02292B2CA72B850096E954 /* Build configuration list for PBXNativeTarget "BattleBucksDemoTests" */ = {
			isa = XCConfigurationList;
			buildConfigurations = (
				9B02292C2CA72B850096E954 /* Debug */,
				9B02292D2CA72B850096E954 /* Release */,
			);
			defaultConfigurationIsVisible = 0;
			defaultConfigurationName = Release;
		};
		9B02292E2CA72B850096E954 /* Build configuration list for PBXNativeTarget "BattleBucksDemoUITests" */ = {
			isa = XCConfigurationList;
			buildConfigurations = (
				9B02292F2CA72B850096E954 /* Debug */,
				9B0229302CA72B850096E954 /* Release */,
			);
			defaultConfigurationIsVisible = 0;
			defaultConfigurationName = Release;
		};
/* End XCConfigurationList section */
	};
	rootObject = 9B0228FC2CA72B7F0096E954 /* Project object */;
}
